// !$*UTF8*$!
{
	archiveVersion = 1;
	classes = {
	};
	objectVersion = 56;
	objects = {

/* Begin PBXBuildFile section */
		48DDD1D22A39AB3A00DCA7F5 /* AppDelegate.swift in Sources */ = {isa = PBXBuildFile; fileRef = 48DDD1D12A39AB3A00DCA7F5 /* AppDelegate.swift */; };
		48DDD1D42A39AB3A00DCA7F5 /* SceneDelegate.swift in Sources */ = {isa = PBXBuildFile; fileRef = 48DDD1D32A39AB3A00DCA7F5 /* SceneDelegate.swift */; };
		48DDD1D62A39AB3A00DCA7F5 /* RMTabViewController.swift in Sources */ = {isa = PBXBuildFile; fileRef = 48DDD1D52A39AB3A00DCA7F5 /* RMTabViewController.swift */; };
		48DDD1DB2A39AB3D00DCA7F5 /* Assets.xcassets in Resources */ = {isa = PBXBuildFile; fileRef = 48DDD1DA2A39AB3D00DCA7F5 /* Assets.xcassets */; };
		48DDD1DE2A39AB3D00DCA7F5 /* LaunchScreen.storyboard in Resources */ = {isa = PBXBuildFile; fileRef = 48DDD1DC2A39AB3D00DCA7F5 /* LaunchScreen.storyboard */; };
		48DDD1ED2A39B05400DCA7F5 /* RMLocations.swift in Sources */ = {isa = PBXBuildFile; fileRef = 48DDD1EC2A39B05400DCA7F5 /* RMLocations.swift */; };
		48DDD1EF2A39B06700DCA7F5 /* RMCharacter.swift in Sources */ = {isa = PBXBuildFile; fileRef = 48DDD1EE2A39B06700DCA7F5 /* RMCharacter.swift */; };
		48DDD1F12A39B07700DCA7F5 /* RMEpisode.swift in Sources */ = {isa = PBXBuildFile; fileRef = 48DDD1F02A39B07700DCA7F5 /* RMEpisode.swift */; };
		48DDD1F42A39B17400DCA7F5 /* RMCharacterViewController.swift in Sources */ = {isa = PBXBuildFile; fileRef = 48DDD1F32A39B17400DCA7F5 /* RMCharacterViewController.swift */; };
		48DDD1F62A39B18400DCA7F5 /* RMLocationsViewController.swift in Sources */ = {isa = PBXBuildFile; fileRef = 48DDD1F52A39B18400DCA7F5 /* RMLocationsViewController.swift */; };
		48DDD1F82A39B19800DCA7F5 /* RMEpisodeViewController.swift in Sources */ = {isa = PBXBuildFile; fileRef = 48DDD1F72A39B19800DCA7F5 /* RMEpisodeViewController.swift */; };
		48DDD1FB2A39B1B900DCA7F5 /* RMSettingsViewController.swift in Sources */ = {isa = PBXBuildFile; fileRef = 48DDD1FA2A39B1B900DCA7F5 /* RMSettingsViewController.swift */; };
/* End PBXBuildFile section */

/* Begin PBXFileReference section */
		48DDD1CE2A39AB3A00DCA7F5 /* RickandMorty.app */ = {isa = PBXFileReference; explicitFileType = wrapper.application; includeInIndex = 0; path = RickandMorty.app; sourceTree = BUILT_PRODUCTS_DIR; };
		48DDD1D12A39AB3A00DCA7F5 /* AppDelegate.swift */ = {isa = PBXFileReference; lastKnownFileType = sourcecode.swift; path = AppDelegate.swift; sourceTree = "<group>"; };
		48DDD1D32A39AB3A00DCA7F5 /* SceneDelegate.swift */ = {isa = PBXFileReference; lastKnownFileType = sourcecode.swift; path = SceneDelegate.swift; sourceTree = "<group>"; };
		48DDD1D52A39AB3A00DCA7F5 /* RMTabViewController.swift */ = {isa = PBXFileReference; lastKnownFileType = sourcecode.swift; path = RMTabViewController.swift; sourceTree = "<group>"; };
		48DDD1DA2A39AB3D00DCA7F5 /* Assets.xcassets */ = {isa = PBXFileReference; lastKnownFileType = folder.assetcatalog; path = Assets.xcassets; sourceTree = "<group>"; };
		48DDD1DD2A39AB3D00DCA7F5 /* Base */ = {isa = PBXFileReference; lastKnownFileType = file.storyboard; name = Base; path = Base.lproj/LaunchScreen.storyboard; sourceTree = "<group>"; };
		48DDD1DF2A39AB3D00DCA7F5 /* Info.plist */ = {isa = PBXFileReference; lastKnownFileType = text.plist.xml; path = Info.plist; sourceTree = "<group>"; };
		48DDD1EC2A39B05400DCA7F5 /* RMLocations.swift */ = {isa = PBXFileReference; lastKnownFileType = sourcecode.swift; path = RMLocations.swift; sourceTree = "<group>"; };
		48DDD1EE2A39B06700DCA7F5 /* RMCharacter.swift */ = {isa = PBXFileReference; lastKnownFileType = sourcecode.swift; path = RMCharacter.swift; sourceTree = "<group>"; };
		48DDD1F02A39B07700DCA7F5 /* RMEpisode.swift */ = {isa = PBXFileReference; lastKnownFileType = sourcecode.swift; path = RMEpisode.swift; sourceTree = "<group>"; };
		48DDD1F32A39B17400DCA7F5 /* RMCharacterViewController.swift */ = {isa = PBXFileReference; lastKnownFileType = sourcecode.swift; path = RMCharacterViewController.swift; sourceTree = "<group>"; };
		48DDD1F52A39B18400DCA7F5 /* RMLocationsViewController.swift */ = {isa = PBXFileReference; lastKnownFileType = sourcecode.swift; path = RMLocationsViewController.swift; sourceTree = "<group>"; };
		48DDD1F72A39B19800DCA7F5 /* RMEpisodeViewController.swift */ = {isa = PBXFileReference; lastKnownFileType = sourcecode.swift; path = RMEpisodeViewController.swift; sourceTree = "<group>"; };
		48DDD1FA2A39B1B900DCA7F5 /* RMSettingsViewController.swift */ = {isa = PBXFileReference; lastKnownFileType = sourcecode.swift; path = RMSettingsViewController.swift; sourceTree = "<group>"; };
/* End PBXFileReference section */

/* Begin PBXFrameworksBuildPhase section */
		48DDD1CB2A39AB3A00DCA7F5 /* Frameworks */ = {
			isa = PBXFrameworksBuildPhase;
			buildActionMask = 2147483647;
			files = (
			);
			runOnlyForDeploymentPostprocessing = 0;
		};
/* End PBXFrameworksBuildPhase section */

/* Begin PBXGroup section */
		48DDD1C52A39AB3A00DCA7F5 = {
			isa = PBXGroup;
			children = (
				48DDD1D02A39AB3A00DCA7F5 /* RickandMorty */,
				48DDD1CF2A39AB3A00DCA7F5 /* Products */,
			);
			sourceTree = "<group>";
		};
		48DDD1CF2A39AB3A00DCA7F5 /* Products */ = {
			isa = PBXGroup;
			children = (
				48DDD1CE2A39AB3A00DCA7F5 /* RickandMorty.app */,
			);
			name = Products;
			sourceTree = "<group>";
		};
		48DDD1D02A39AB3A00DCA7F5 /* RickandMorty */ = {
			isa = PBXGroup;
			children = (
				48DDD1EB2A39AF4900DCA7F5 /* Resources */,
				48DDD1EA2A39AF4100DCA7F5 /* Managers */,
				48DDD1E92A39AF2F00DCA7F5 /* APIClients */,
				48DDD1E62A39AECA00DCA7F5 /* ViewModels */,
				48DDD1E72A39AED200DCA7F5 /* Views */,
				48DDD1E52A39AEC300DCA7F5 /* Models */,
				48DDD1E82A39AF2500DCA7F5 /* Controllers */,
				48DDD1DF2A39AB3D00DCA7F5 /* Info.plist */,
			);
			path = RickandMorty;
			sourceTree = "<group>";
		};
		48DDD1E52A39AEC300DCA7F5 /* Models */ = {
			isa = PBXGroup;
			children = (
				48DDD1EC2A39B05400DCA7F5 /* RMLocations.swift */,
				48DDD1EE2A39B06700DCA7F5 /* RMCharacter.swift */,
				48DDD1F02A39B07700DCA7F5 /* RMEpisode.swift */,
			);
			path = Models;
			sourceTree = "<group>";
		};
		48DDD1E62A39AECA00DCA7F5 /* ViewModels */ = {
			isa = PBXGroup;
			children = (
			);
			path = ViewModels;
			sourceTree = "<group>";
		};
		48DDD1E72A39AED200DCA7F5 /* Views */ = {
			isa = PBXGroup;
			children = (
			);
			path = Views;
			sourceTree = "<group>";
		};
		48DDD1E82A39AF2500DCA7F5 /* Controllers */ = {
			isa = PBXGroup;
			children = (
				48DDD1F22A39B0CA00DCA7F5 /* Core */,
			);
			path = Controllers;
			sourceTree = "<group>";
		};
		48DDD1E92A39AF2F00DCA7F5 /* APIClients */ = {
			isa = PBXGroup;
			children = (
			);
			path = APIClients;
			sourceTree = "<group>";
		};
		48DDD1EA2A39AF4100DCA7F5 /* Managers */ = {
			isa = PBXGroup;
			children = (
			);
			path = Managers;
			sourceTree = "<group>";
		};
		48DDD1EB2A39AF4900DCA7F5 /* Resources */ = {
			isa = PBXGroup;
			children = (
				48DDD1DA2A39AB3D00DCA7F5 /* Assets.xcassets */,
				48DDD1D32A39AB3A00DCA7F5 /* SceneDelegate.swift */,
				48DDD1DC2A39AB3D00DCA7F5 /* LaunchScreen.storyboard */,
				48DDD1D12A39AB3A00DCA7F5 /* AppDelegate.swift */,
			);
			path = Resources;
			sourceTree = "<group>";
		};
		48DDD1F22A39B0CA00DCA7F5 /* Core */ = {
			isa = PBXGroup;
			children = (
				48DDD1D52A39AB3A00DCA7F5 /* RMTabViewController.swift */,
				48DDD1F32A39B17400DCA7F5 /* RMCharacterViewController.swift */,
				48DDD1F52A39B18400DCA7F5 /* RMLocationsViewController.swift */,
				48DDD1F72A39B19800DCA7F5 /* RMEpisodeViewController.swift */,
				48DDD1FA2A39B1B900DCA7F5 /* RMSettingsViewController.swift */,
			);
			path = Core;
			sourceTree = "<group>";
		};
/* End PBXGroup section */

/* Begin PBXNativeTarget section */
		48DDD1CD2A39AB3A00DCA7F5 /* RickandMorty */ = {
			isa = PBXNativeTarget;
			buildConfigurationList = 48DDD1E22A39AB3D00DCA7F5 /* Build configuration list for PBXNativeTarget "RickandMorty" */;
			buildPhases = (
				48DDD1CA2A39AB3A00DCA7F5 /* Sources */,
				48DDD1CB2A39AB3A00DCA7F5 /* Frameworks */,
				48DDD1CC2A39AB3A00DCA7F5 /* Resources */,
			);
			buildRules = (
			);
			dependencies = (
			);
			name = RickandMorty;
			productName = RickandMorty;
			productReference = 48DDD1CE2A39AB3A00DCA7F5 /* RickandMorty.app */;
			productType = "com.apple.product-type.application";
		};
/* End PBXNativeTarget section */

/* Begin PBXProject section */
		48DDD1C62A39AB3A00DCA7F5 /* Project object */ = {
			isa = PBXProject;
			attributes = {
				BuildIndependentTargetsInParallel = 1;
				LastSwiftUpdateCheck = 1410;
				LastUpgradeCheck = 1410;
				TargetAttributes = {
					48DDD1CD2A39AB3A00DCA7F5 = {
						CreatedOnToolsVersion = 14.1;
					};
				};
			};
			buildConfigurationList = 48DDD1C92A39AB3A00DCA7F5 /* Build configuration list for PBXProject "RickandMorty" */;
			compatibilityVersion = "Xcode 14.0";
			developmentRegion = en;
			hasScannedForEncodings = 0;
			knownRegions = (
				en,
				Base,
			);
			mainGroup = 48DDD1C52A39AB3A00DCA7F5;
			productRefGroup = 48DDD1CF2A39AB3A00DCA7F5 /* Products */;
			projectDirPath = "";
			projectRoot = "";
			targets = (
				48DDD1CD2A39AB3A00DCA7F5 /* RickandMorty */,
			);
		};
/* End PBXProject section */

/* Begin PBXResourcesBuildPhase section */
		48DDD1CC2A39AB3A00DCA7F5 /* Resources */ = {
			isa = PBXResourcesBuildPhase;
			buildActionMask = 2147483647;
			files = (
				48DDD1DE2A39AB3D00DCA7F5 /* LaunchScreen.storyboard in Resources */,
				48DDD1DB2A39AB3D00DCA7F5 /* Assets.xcassets in Resources */,
			);
			runOnlyForDeploymentPostprocessing = 0;
		};
/* End PBXResourcesBuildPhase section */

/* Begin PBXSourcesBuildPhase section */
		48DDD1CA2A39AB3A00DCA7F5 /* Sources */ = {
			isa = PBXSourcesBuildPhase;
			buildActionMask = 2147483647;
			files = (
				48DDD1F12A39B07700DCA7F5 /* RMEpisode.swift in Sources */,
				48DDD1D62A39AB3A00DCA7F5 /* RMTabViewController.swift in Sources */,
				48DDD1D22A39AB3A00DCA7F5 /* AppDelegate.swift in Sources */,
				48DDD1F82A39B19800DCA7F5 /* RMEpisodeViewController.swift in Sources */,
				48DDD1D42A39AB3A00DCA7F5 /* SceneDelegate.swift in Sources */,
				48DDD1F62A39B18400DCA7F5 /* RMLocationsViewController.swift in Sources */,
				48DDD1FB2A39B1B900DCA7F5 /* RMSettingsViewController.swift in Sources */,
				48DDD1ED2A39B05400DCA7F5 /* RMLocations.swift in Sources */,
				48DDD1EF2A39B06700DCA7F5 /* RMCharacter.swift in Sources */,
				48DDD1F42A39B17400DCA7F5 /* RMCharacterViewController.swift in Sources */,
			);
			runOnlyForDeploymentPostprocessing = 0;
		};
/* End PBXSourcesBuildPhase section */

/* Begin PBXVariantGroup section */
		48DDD1DC2A39AB3D00DCA7F5 /* LaunchScreen.storyboard */ = {
			isa = PBXVariantGroup;
			children = (
				48DDD1DD2A39AB3D00DCA7F5 /* Base */,
			);
			name = LaunchScreen.storyboard;
			sourceTree = "<group>";
		};
/* End PBXVariantGroup section */

/* Begin XCBuildConfiguration section */
		48DDD1E02A39AB3D00DCA7F5 /* Debug */ = {
			isa = XCBuildConfiguration;
			buildSettings = {
				ALWAYS_SEARCH_USER_PATHS = NO;
				CLANG_ANALYZER_NONNULL = YES;
				CLANG_ANALYZER_NUMBER_OBJECT_CONVERSION = YES_AGGRESSIVE;
				CLANG_CXX_LANGUAGE_STANDARD = "gnu++20";
				CLANG_ENABLE_MODULES = YES;
				CLANG_ENABLE_OBJC_ARC = YES;
				CLANG_ENABLE_OBJC_WEAK = YES;
				CLANG_WARN_BLOCK_CAPTURE_AUTORELEASING = YES;
				CLANG_WARN_BOOL_CONVERSION = YES;
				CLANG_WARN_COMMA = YES;
				CLANG_WARN_CONSTANT_CONVERSION = YES;
				CLANG_WARN_DEPRECATED_OBJC_IMPLEMENTATIONS = YES;
				CLANG_WARN_DIRECT_OBJC_ISA_USAGE = YES_ERROR;
				CLANG_WARN_DOCUMENTATION_COMMENTS = YES;
				CLANG_WARN_EMPTY_BODY = YES;
				CLANG_WARN_ENUM_CONVERSION = YES;
				CLANG_WARN_INFINITE_RECURSION = YES;
				CLANG_WARN_INT_CONVERSION = YES;
				CLANG_WARN_NON_LITERAL_NULL_CONVERSION = YES;
				CLANG_WARN_OBJC_IMPLICIT_RETAIN_SELF = YES;
				CLANG_WARN_OBJC_LITERAL_CONVERSION = YES;
				CLANG_WARN_OBJC_ROOT_CLASS = YES_ERROR;
				CLANG_WARN_QUOTED_INCLUDE_IN_FRAMEWORK_HEADER = YES;
				CLANG_WARN_RANGE_LOOP_ANALYSIS = YES;
				CLANG_WARN_STRICT_PROTOTYPES = YES;
				CLANG_WARN_SUSPICIOUS_MOVE = YES;
				CLANG_WARN_UNGUARDED_AVAILABILITY = YES_AGGRESSIVE;
				CLANG_WARN_UNREACHABLE_CODE = YES;
				CLANG_WARN__DUPLICATE_METHOD_MATCH = YES;
				COPY_PHASE_STRIP = NO;
				DEBUG_INFORMATION_FORMAT = dwarf;
				ENABLE_STRICT_OBJC_MSGSEND = YES;
				ENABLE_TESTABILITY = YES;
				GCC_C_LANGUAGE_STANDARD = gnu11;
				GCC_DYNAMIC_NO_PIC = NO;
				GCC_NO_COMMON_BLOCKS = YES;
				GCC_OPTIMIZATION_LEVEL = 0;
				GCC_PREPROCESSOR_DEFINITIONS = (
					"DEBUG=1",
					"$(inherited)",
				);
				GCC_WARN_64_TO_32_BIT_CONVERSION = YES;
				GCC_WARN_ABOUT_RETURN_TYPE = YES_ERROR;
				GCC_WARN_UNDECLARED_SELECTOR = YES;
				GCC_WARN_UNINITIALIZED_AUTOS = YES_AGGRESSIVE;
				GCC_WARN_UNUSED_FUNCTION = YES;
				GCC_WARN_UNUSED_VARIABLE = YES;
				IPHONEOS_DEPLOYMENT_TARGET = 16.1;
				MTL_ENABLE_DEBUG_INFO = INCLUDE_SOURCE;
				MTL_FAST_MATH = YES;
				ONLY_ACTIVE_ARCH = YES;
				SDKROOT = iphoneos;
				SWIFT_ACTIVE_COMPILATION_CONDITIONS = DEBUG;
				SWIFT_OPTIMIZATION_LEVEL = "-Onone";
			};
			name = Debug;
		};
		48DDD1E12A39AB3D00DCA7F5 /* Release */ = {
			isa = XCBuildConfiguration;
			buildSettings = {
				ALWAYS_SEARCH_USER_PATHS = NO;
				CLANG_ANALYZER_NONNULL = YES;
				CLANG_ANALYZER_NUMBER_OBJECT_CONVERSION = YES_AGGRESSIVE;
				CLANG_CXX_LANGUAGE_STANDARD = "gnu++20";
				CLANG_ENABLE_MODULES = YES;
				CLANG_ENABLE_OBJC_ARC = YES;
				CLANG_ENABLE_OBJC_WEAK = YES;
				CLANG_WARN_BLOCK_CAPTURE_AUTORELEASING = YES;
				CLANG_WARN_BOOL_CONVERSION = YES;
				CLANG_WARN_COMMA = YES;
				CLANG_WARN_CONSTANT_CONVERSION = YES;
				CLANG_WARN_DEPRECATED_OBJC_IMPLEMENTATIONS = YES;
				CLANG_WARN_DIRECT_OBJC_ISA_USAGE = YES_ERROR;
				CLANG_WARN_DOCUMENTATION_COMMENTS = YES;
				CLANG_WARN_EMPTY_BODY = YES;
				CLANG_WARN_ENUM_CONVERSION = YES;
				CLANG_WARN_INFINITE_RECURSION = YES;
				CLANG_WARN_INT_CONVERSION = YES;
				CLANG_WARN_NON_LITERAL_NULL_CONVERSION = YES;
				CLANG_WARN_OBJC_IMPLICIT_RETAIN_SELF = YES;
				CLANG_WARN_OBJC_LITERAL_CONVERSION = YES;
				CLANG_WARN_OBJC_ROOT_CLASS = YES_ERROR;
				CLANG_WARN_QUOTED_INCLUDE_IN_FRAMEWORK_HEADER = YES;
				CLANG_WARN_RANGE_LOOP_ANALYSIS = YES;
				CLANG_WARN_STRICT_PROTOTYPES = YES;
				CLANG_WARN_SUSPICIOUS_MOVE = YES;
				CLANG_WARN_UNGUARDED_AVAILABILITY = YES_AGGRESSIVE;
				CLANG_WARN_UNREACHABLE_CODE = YES;
				CLANG_WARN__DUPLICATE_METHOD_MATCH = YES;
				COPY_PHASE_STRIP = NO;
				DEBUG_INFORMATION_FORMAT = "dwarf-with-dsym";
				ENABLE_NS_ASSERTIONS = NO;
				ENABLE_STRICT_OBJC_MSGSEND = YES;
				GCC_C_LANGUAGE_STANDARD = gnu11;
				GCC_NO_COMMON_BLOCKS = YES;
				GCC_WARN_64_TO_32_BIT_CONVERSION = YES;
				GCC_WARN_ABOUT_RETURN_TYPE = YES_ERROR;
				GCC_WARN_UNDECLARED_SELECTOR = YES;
				GCC_WARN_UNINITIALIZED_AUTOS = YES_AGGRESSIVE;
				GCC_WARN_UNUSED_FUNCTION = YES;
				GCC_WARN_UNUSED_VARIABLE = YES;
				IPHONEOS_DEPLOYMENT_TARGET = 16.1;
				MTL_ENABLE_DEBUG_INFO = NO;
				MTL_FAST_MATH = YES;
				SDKROOT = iphoneos;
				SWIFT_COMPILATION_MODE = wholemodule;
				SWIFT_OPTIMIZATION_LEVEL = "-O";
				VALIDATE_PRODUCT = YES;
			};
			name = Release;
		};
		48DDD1E32A39AB3D00DCA7F5 /* Debug */ = {
			isa = XCBuildConfiguration;
			buildSettings = {
				ASSETCATALOG_COMPILER_APPICON_NAME = AppIcon;
				ASSETCATALOG_COMPILER_GLOBAL_ACCENT_COLOR_NAME = AccentColor;
				CODE_SIGN_STYLE = Automatic;
				CURRENT_PROJECT_VERSION = 1;
				DEVELOPMENT_TEAM = 5TH8C5XY6D;
				GENERATE_INFOPLIST_FILE = YES;
				INFOPLIST_FILE = RickandMorty/Info.plist;
				INFOPLIST_KEY_UIApplicationSupportsIndirectInputEvents = YES;
				INFOPLIST_KEY_UILaunchStoryboardName = LaunchScreen;
				INFOPLIST_KEY_UISupportedInterfaceOrientations_iPad = "UIInterfaceOrientationPortrait UIInterfaceOrientationPortraitUpsideDown UIInterfaceOrientationLandscapeLeft UIInterfaceOrientationLandscapeRight";
				INFOPLIST_KEY_UISupportedInterfaceOrientations_iPhone = "UIInterfaceOrientationPortrait UIInterfaceOrientationLandscapeLeft UIInterfaceOrientationLandscapeRight";
				LD_RUNPATH_SEARCH_PATHS = (
					"$(inherited)",
					"@executable_path/Frameworks",
				);
				MARKETING_VERSION = 1.0;
				PRODUCT_BUNDLE_IDENTIFIER = com.recep.xoproject.RickandMorty;
				PRODUCT_NAME = "$(TARGET_NAME)";
				SWIFT_EMIT_LOC_STRINGS = YES;
				SWIFT_VERSION = 5.0;
				TARGETED_DEVICE_FAMILY = "1,2";
			};
			name = Debug;
		};
		48DDD1E42A39AB3D00DCA7F5 /* Release */ = {
			isa = XCBuildConfiguration;
			buildSettings = {
				ASSETCATALOG_COMPILER_APPICON_NAME = AppIcon;
				ASSETCATALOG_COMPILER_GLOBAL_ACCENT_COLOR_NAME = AccentColor;
				CODE_SIGN_STYLE = Automatic;
				CURRENT_PROJECT_VERSION = 1;
				DEVELOPMENT_TEAM = 5TH8C5XY6D;
				GENERATE_INFOPLIST_FILE = YES;
				INFOPLIST_FILE = RickandMorty/Info.plist;
				INFOPLIST_KEY_UIApplicationSupportsIndirectInputEvents = YES;
				INFOPLIST_KEY_UILaunchStoryboardName = LaunchScreen;
				INFOPLIST_KEY_UISupportedInterfaceOrientations_iPad = "UIInterfaceOrientationPortrait UIInterfaceOrientationPortraitUpsideDown UIInterfaceOrientationLandscapeLeft UIInterfaceOrientationLandscapeRight";
				INFOPLIST_KEY_UISupportedInterfaceOrientations_iPhone = "UIInterfaceOrientationPortrait UIInterfaceOrientationLandscapeLeft UIInterfaceOrientationLandscapeRight";
				LD_RUNPATH_SEARCH_PATHS = (
					"$(inherited)",
					"@executable_path/Frameworks",
				);
				MARKETING_VERSION = 1.0;
				PRODUCT_BUNDLE_IDENTIFIER = com.recep.xoproject.RickandMorty;
				PRODUCT_NAME = "$(TARGET_NAME)";
				SWIFT_EMIT_LOC_STRINGS = YES;
				SWIFT_VERSION = 5.0;
				TARGETED_DEVICE_FAMILY = "1,2";
			};
			name = Release;
		};
/* End XCBuildConfiguration section */

/* Begin XCConfigurationList section */
		48DDD1C92A39AB3A00DCA7F5 /* Build configuration list for PBXProject "RickandMorty" */ = {
			isa = XCConfigurationList;
			buildConfigurations = (
				48DDD1E02A39AB3D00DCA7F5 /* Debug */,
				48DDD1E12A39AB3D00DCA7F5 /* Release */,
			);
			defaultConfigurationIsVisible = 0;
			defaultConfigurationName = Release;
		};
		48DDD1E22A39AB3D00DCA7F5 /* Build configuration list for PBXNativeTarget "RickandMorty" */ = {
			isa = XCConfigurationList;
			buildConfigurations = (
				48DDD1E32A39AB3D00DCA7F5 /* Debug */,
				48DDD1E42A39AB3D00DCA7F5 /* Release */,
			);
			defaultConfigurationIsVisible = 0;
			defaultConfigurationName = Release;
		};
/* End XCConfigurationList section */
	};
	rootObject = 48DDD1C62A39AB3A00DCA7F5 /* Project object */;
}
